{
  "name": "picard-docx-agent",
  "lockfileVersion": 3,
  "requires": true,
  "packages": {
    "": {
      "name": "picard-docx-agent",
      "dependencies": {
        "@superdoc-dev/sdk": "^1.15.0"
      }
    },
    "node_modules/@superdoc-dev/sdk": {
      "version": "1.15.0",
      "resolved": "https://registry.npmjs.org/@superdoc-dev/sdk/-/sdk-1.15.0.tgz",
      "integrity": "sha512-2I1JyFJ3y3luEVc1b57063kWi+xcLwcyiTW73WyDGh5o7d+lFZE1bIU/gvaNSHjurjedMak/DClBlRJeZk9lKA==",
      "optionalDependencies": {
        "@superdoc-dev/sdk-darwin-arm64": "1.15.0",
        "@superdoc-dev/sdk-darwin-x64": "1.15.0",
        "@superdoc-dev/sdk-linux-arm64": "1.15.0",
        "@superdoc-dev/sdk-linux-x64": "1.15.0",
        "@superdoc-dev/sdk-windows-x64": "1.15.0"
      }
    },
    "node_modules/@superdoc-dev/sdk-darwin-arm64": {
      "version": "1.15.0",
      "resolved": "https://registry.npmjs.org/@superdoc-dev/sdk-darwin-arm64/-/sdk-darwin-arm64-1.15.0.tgz",
      "integrity": "sha512-WSPYc8U6JkGSErmAdhnw4aX6oWjybrqt3Uarv78tXLet3C+qFpHC9JEVeXYI5wW5z6uwQmvWLlr5TN/I0HxT3Q==",
      "cpu": [
        "arm64"
      ],
      "optional": true,
      "os": [
        "darwin"
      ],
      "bin": {
        "superdoc": "bin/superdoc"
      }
    },
    "node_modules/@superdoc-dev/sdk-darwin-x64": {
      "version": "1.15.0",
      "resolved": "https://registry.npmjs.org/@superdoc-dev/sdk-darwin-x64/-/sdk-darwin-x64-1.15.0.tgz",
      "integrity": "sha512-GOg2rvyFHSWKFjmCy2ZQqUfMMbZbwh981HOoUk702m2MHlRSBwveSw+gpLULTW4c6Tdbm1mcMbOYn0uIP5lH9g==",
      "cpu": [
        "x64"
      ],
      "optional": true,
      "os": [
        "darwin"
      ],
      "bin": {
        "superdoc": "bin/superdoc"
      }
    },
    "node_modules/@superdoc-dev/sdk-linux-arm64": {
      "version": "1.15.0",
      "resolved": "https://registry.npmjs.org/@superdoc-dev/sdk-linux-arm64/-/sdk-linux-arm64-1.15.0.tgz",
      "integrity": "sha512-RXYu/OgKhrwH0bjDFzl0kq0cBhB5mwHwl+8T3L5YsFLsVX26tL6KBGMAe/O4QKbmXtmPRO1LVAv6bKTiUAL6tg==",
      "cpu": [
        "arm64"
      ],
      "optional": true,
      "os": [
        "linux"
      ],
      "bin": {
        "superdoc": "bin/superdoc"
      }
    },
    "node_modules/@superdoc-dev/sdk-linux-x64": {
      "version": "1.15.0",
      "resolved": "https://registry.npmjs.org/@superdoc-dev/sdk-linux-x64/-/sdk-linux-x64-1.15.0.tgz",
      "integrity": "sha512-+DG3/d8EG21Rpea7Zp5LifgymVktA9srSg/yy5XULbzxsK6VA+X+1u5MUtaK0UFLV4zC+vMdzUktczrG+FaDlQ==",
      "cpu": [
        "x64"
      ],
      "optional": true,
      "os": [
        "linux"
      ],
      "bin": {
        "superdoc": "bin/superdoc"
      }
    },
    "node_modules/@superdoc-dev/sdk-windows-x64": {
      "version": "1.15.0",
      "resolved": "https://registry.npmjs.org/@superdoc-dev/sdk-windows-x64/-/sdk-windows-x64-1.15.0.tgz",
      "integrity": "sha512-PdJGYwVEufaq8DfMmA7bBRoHW/YZkIQpMVGV0zFzbqH5pOmF8tDeNhm3K9Y3BDNiM7OBvXxoMnZhSTj2C/uPRw==",
      "cpu": [
        "x64"
      ],
      "optional": true,
      "os": [
        "win32"
      ],
      "bin": {
        "superdoc": "bin/superdoc.exe"
      }
    }
  }
}
